
Microsoft Visual Studio Solution File, Format Version 12.00
# Visual Studio Version 17
VisualStudioVersion = 17.3.32922.545
MinimumVisualStudioVersion = 10.0.40219.1
Project("{9A19103F-16F7-4668-BE54-9A1E7A4F7556}") = "NestCli", "NestCli\NestCli.csproj", "{0AF48F85-16A3-4A82-B018-F6599E49E350}"
EndProject
Global
	GlobalSection(SolutionConfigurationPlatforms) = preSolution
		Debug|Any CPU = Debug|Any CPU
		Release|Any CPU = Release|Any CPU
	EndGlobalSection
	GlobalSection(ProjectConfigurationPlatforms) = postSolution
		{0AF48F85-16A3-4A82-B018-F6599E49E350}.Debug|Any CPU.ActiveCfg = Debug|Any CPU
		{0AF48F85-16A3-4A82-B018-F6599E49E350}.Debug|Any CPU.Build.0 = Debug|Any CPU
		{0AF48F85-16A3-4A82-B018-F6599E49E350}.Release|Any CPU.ActiveCfg = Release|Any CPU
		{0AF48F85-16A3-4A82-B018-F6599E49E350}.Release|Any CPU.Build.0 = Release|Any CPU
	EndGlobalSection
	GlobalSection(SolutionProperties) = preSolution
		HideSolutionNode = FALSE
	EndGlobalSection
	GlobalSection(ExtensibilityGlobals) = postSolution
		SolutionGuid = {55BFC105-01A1-4348-9D8C-9F3E5D7B7DED}
	EndGlobalSection
EndGlobal
